
Microsoft Visual Studio Solution File, Format Version 12.00
# Visual Studio 15
VisualStudioVersion = 15.0.28307.645
MinimumVisualStudioVersion = 10.0.40219.1
Project("{9A19103F-16F7-4668-BE54-9A1E7A4F7556}") = "WS_HyJ", "WS_HyJ\WS_HyJ.csproj", "{A5A13402-D976-47DE-A065-DE6B91814400}"
EndProject
Project("{FAE04EC0-301F-11D3-BF4B-00C04F79EFBC}") = "WA_HyJ", "WA_HyJ\WA_HyJ.csproj", "{B69DA120-5B09-4A54-A6FC-4A37858773CC}"
EndProject
Global
	GlobalSection(SolutionConfigurationPlatforms) = preSolution
		Debug|Any CPU = Debug|Any CPU
		Release|Any CPU = Release|Any CPU
	EndGlobalSection
	GlobalSection(ProjectConfigurationPlatforms) = postSolution
		{A5A13402-D976-47DE-A065-DE6B91814400}.Debug|Any CPU.ActiveCfg = Debug|Any CPU
		{A5A13402-D976-47DE-A065-DE6B91814400}.Debug|Any CPU.Build.0 = Debug|Any CPU
		{A5A13402-D976-47DE-A065-DE6B91814400}.Release|Any CPU.ActiveCfg = Release|Any CPU
		{A5A13402-D976-47DE-A065-DE6B91814400}.Release|Any CPU.Build.0 = Release|Any CPU
		{B69DA120-5B09-4A54-A6FC-4A37858773CC}.Debug|Any CPU.ActiveCfg = Debug|Any CPU
		{B69DA120-5B09-4A54-A6FC-4A37858773CC}.Debug|Any CPU.Build.0 = Debug|Any CPU
		{B69DA120-5B09-4A54-A6FC-4A37858773CC}.Release|Any CPU.ActiveCfg = Release|Any CPU
		{B69DA120-5B09-4A54-A6FC-4A37858773CC}.Release|Any CPU.Build.0 = Release|Any CPU
	EndGlobalSection
	GlobalSection(SolutionProperties) = preSolution
		HideSolutionNode = FALSE
	EndGlobalSection
	GlobalSection(ExtensibilityGlobals) = postSolution
		SolutionGuid = {88DF8A4B-39C2-4654-B249-A96C6874EB19}
	EndGlobalSection
EndGlobal
